// !$*UTF8*$!
{
	archiveVersion = 1;
	classes = {
	};
	objectVersion = 77;
	objects = {

/* Begin PBXBuildFile section */
		EC2548B32F34194E0003414C /* MapPathEditorHelper.swift in Sources */ = {isa = PBXBuildFile; fileRef = EC2548B22F34194E0003414C /* MapPathEditorHelper.swift */; };
		EC26DE262F3D3873007DDE2B /* WiringGameViewModel.swift in Sources */ = {isa = PBXBuildFile; fileRef = EC26DE202F3D3873007DDE2B /* WiringGameViewModel.swift */; };
		EC26DE292F3D3992007DDE2B /* PuzzlePromptPopup.swift in Sources */ = {isa = PBXBuildFile; fileRef = EC26DE282F3D3992007DDE2B /* PuzzlePromptPopup.swift */; };
		EC26DE2D2F3D3A01007DDE2B /* PuzzleResultPopUp.swift in Sources */ = {isa = PBXBuildFile; fileRef = EC26DE2C2F3D3A01007DDE2B /* PuzzleResultPopUp.swift */; };
		EC659334300949780097CC10 /* Challengeparticipant.swift in Sources */ = {isa = PBXBuildFile; fileRef = EC659333300949750097CC10 /* Challengeparticipant.swift */; };
		EC6593363009497F0097CC10 /* Challenge.swift in Sources */ = {isa = PBXBuildFile; fileRef = EC6593353009497E0097CC10 /* Challenge.swift */; };
		EC659338300949820097CC10 /* Player.swift in Sources */ = {isa = PBXBuildFile; fileRef = EC659337300949820097CC10 /* Player.swift */; };
		EC65934830094CCB0097CC10 /* Firebase+Listeners.swift in Sources */ = {isa = PBXBuildFile; fileRef = EC65934430094B160097CC10 /* Firebase+Listeners.swift */; };
		EC65934930094CCF0097CC10 /* Firebase+Notifications.swift in Sources */ = {isa = PBXBuildFile; fileRef = EC65934230094B120097CC10 /* Firebase+Notifications.swift */; };
		EC65934A30094CD30097CC10 /* Firebase+Puzzle.swift in Sources */ = {isa = PBXBuildFile; fileRef = EC65934130094AFE0097CC10 /* Firebase+Puzzle.swift */; };
		EC65934B30094CD70097CC10 /* Firebase+Participants.swift in Sources */ = {isa = PBXBuildFile; fileRef = EC65934030094AFC0097CC10 /* Firebase+Participants.swift */; };
		EC65934C30094CDB0097CC10 /* Firebase+Challenges.swift in Sources */ = {isa = PBXBuildFile; fileRef = EC65933F30094AFA0097CC10 /* Firebase+Challenges.swift */; };
		EC65934D30094CDF0097CC10 /* Firebase+Players.swift in Sources */ = {isa = PBXBuildFile; fileRef = EC65933E30094AF70097CC10 /* Firebase+Players.swift */; };
		EC65934E30094CE30097CC10 /* Firebase+Auth.swift in Sources */ = {isa = PBXBuildFile; fileRef = EC65933D30094AF40097CC10 /* Firebase+Auth.swift */; };
		EC65934F30094CE70097CC10 /* Firebase+AppConfig.swift in Sources */ = {isa = PBXBuildFile; fileRef = EC65934730094BE90097CC10 /* Firebase+AppConfig.swift */; };
		EC659351300952390097CC10 /* AppConfig.swift in Sources */ = {isa = PBXBuildFile; fileRef = EC6593503009522B0097CC10 /* AppConfig.swift */; };
		EC659355300C10B90097CC10 /* ConnectivityMonitor.swift in Sources */ = {isa = PBXBuildFile; fileRef = EC659354300C10B80097CC10 /* ConnectivityMonitor.swift */; };
		EC659357300C13A80097CC10 /* AppDelegate.swift in Sources */ = {isa = PBXBuildFile; fileRef = EC659356300C13A60097CC10 /* AppDelegate.swift */; };
		EC65936A300C17840097CC10 /* Documentation.docc in Sources */ = {isa = PBXBuildFile; fileRef = EC659369300C17840097CC10 /* Documentation.docc */; };
		EC65936B300C180F0097CC10 /* Documentation.docc in Sources */ = {isa = PBXBuildFile; fileRef = EC659369300C17840097CC10 /* Documentation.docc */; };
		EC6BAB1C2F3159E300BDBEC8 /* RootView.swift in Sources */ = {isa = PBXBuildFile; fileRef = EC6BAB1B2F3159E300BDBEC8 /* RootView.swift */; };
		EC6BAB1E2F315A3000BDBEC8 /* UserSession.swift in Sources */ = {isa = PBXBuildFile; fileRef = EC6BAB1D2F315A3000BDBEC8 /* UserSession.swift */; };
		EC7628CB2F395ADB008952D9 /* Puzzlehistory.swift in Sources */ = {isa = PBXBuildFile; fileRef = EC7628CA2F395ADB008952D9 /* Puzzlehistory.swift */; };
		EC77AE8E2F3B9A320056D261 /* OfflineBanner.swift in Sources */ = {isa = PBXBuildFile; fileRef = EC77AE8D2F3B9A320056D261 /* OfflineBanner.swift */; };
		EC80F3C62F3F810800544443 /* MapView+Content.swift in Sources */ = {isa = PBXBuildFile; fileRef = EC80F3C52F3F810800544443 /* MapView+Content.swift */; };
		EC80F3C82F3F812F00544443 /* MapView+Sheets.swift in Sources */ = {isa = PBXBuildFile; fileRef = EC80F3C72F3F812F00544443 /* MapView+Sheets.swift */; };
		EC80F3CA2F3F814300544443 /* MapView+Puzzle.swift in Sources */ = {isa = PBXBuildFile; fileRef = EC80F3C92F3F814300544443 /* MapView+Puzzle.swift */; };
		EC80F3CF2F3FB01200544443 /* ChallengeResultPopup.swift in Sources */ = {isa = PBXBuildFile; fileRef = EC80F3CC2F3FB01200544443 /* ChallengeResultPopup.swift */; };
		EC80F3D02F3FB01200544443 /* ChallengesSheet.swift in Sources */ = {isa = PBXBuildFile; fileRef = EC80F3CD2F3FB01200544443 /* ChallengesSheet.swift */; };
		EC80F3D22F3FB44900544443 /* PuzzleWiringView.swift in Sources */ = {isa = PBXBuildFile; fileRef = EC80F3D12F3FB44900544443 /* PuzzleWiringView.swift */; };
		EC9F96CB2F57B61F0046AE33 /* DateRangePicker.swift in Sources */ = {isa = PBXBuildFile; fileRef = EC9F96CA2F57B61F0046AE33 /* DateRangePicker.swift */; };
		ECB380D62F75134600E18E4D /* Lottie in Frameworks */ = {isa = PBXBuildFile; productRef = ECB380D52F75134600E18E4D /* Lottie */; };
		ECB380E02F7519EB00E18E4D /* walkingshoes.json in Resources */ = {isa = PBXBuildFile; fileRef = ECB380DF2F7519EB00E18E4D /* walkingshoes.json */; };
		ECB380E12F7519EB00E18E4D /* walkingshoes.json in Resources */ = {isa = PBXBuildFile; fileRef = ECB380DF2F7519EB00E18E4D /* walkingshoes.json */; };
		ECB9E7282F74989500F36514 /* FirebaseMessaging in Frameworks */ = {isa = PBXBuildFile; productRef = ECB9E7272F74989500F36514 /* FirebaseMessaging */; };
		ECCAEE3A2F218A8B0047C5DF /* FirebaseAuth in Frameworks */ = {isa = PBXBuildFile; productRef = ECCAEE392F218A8B0047C5DF /* FirebaseAuth */; };
		ECCAEE3C2F218A8B0047C5DF /* FirebaseFirestore in Frameworks */ = {isa = PBXBuildFile; productRef = ECCAEE3B2F218A8B0047C5DF /* FirebaseFirestore */; };
		ECCAEE422F218AAA0047C5DF /* Assets.xcassets in Resources */ = {isa = PBXBuildFile; fileRef = ECCAEE3D2F218AAA0047C5DF /* Assets.xcassets */; };
		ECCAEE432F218AAA0047C5DF /* GoogleService-Info.plist in Resources */ = {isa = PBXBuildFile; fileRef = ECCAEE3F2F218AAA0047C5DF /* GoogleService-Info.plist */; };
		ECCB95CD2F29478100DBC1F5 /* SteepishApp.swift in Sources */ = {isa = PBXBuildFile; fileRef = ECCB95CB2F29478100DBC1F5 /* SteepishApp.swift */; };
		ECCB95D52F29483B00DBC1F5 /* FirebaseService.swift in Sources */ = {isa = PBXBuildFile; fileRef = ECCB95D42F29483B00DBC1F5 /* FirebaseService.swift */; };
		ECCB95D72F29484A00DBC1F5 /* HealthKitService.swift in Sources */ = {isa = PBXBuildFile; fileRef = ECCB95D62F29484A00DBC1F5 /* HealthKitService.swift */; };
		ECCB95DB2F294C0F00DBC1F5 /* SplashView.swift in Sources */ = {isa = PBXBuildFile; fileRef = ECCB95DA2F294C0F00DBC1F5 /* SplashView.swift */; };
		ECCB95DD2F294C2100DBC1F5 /* SplashViewModel.swift in Sources */ = {isa = PBXBuildFile; fileRef = ECCB95DC2F294C2100DBC1F5 /* SplashViewModel.swift */; };
		ECCB95DF2F294C3D00DBC1F5 /* OnboardingView.swift in Sources */ = {isa = PBXBuildFile; fileRef = ECCB95DE2F294C3D00DBC1F5 /* OnboardingView.swift */; };
		ECCB95E12F294C4500DBC1F5 /* OnboardingViewModel.swift in Sources */ = {isa = PBXBuildFile; fileRef = ECCB95E02F294C4500DBC1F5 /* OnboardingViewModel.swift */; };
		ECCB95E32F294C5A00DBC1F5 /* EnterNameView.swift in Sources */ = {isa = PBXBuildFile; fileRef = ECCB95E22F294C5A00DBC1F5 /* EnterNameView.swift */; };
		ECCB95E52F294C6100DBC1F5 /* EnterNameViewModel.swift in Sources */ = {isa = PBXBuildFile; fileRef = ECCB95E42F294C6100DBC1F5 /* EnterNameViewModel.swift */; };
		ECCB95E72F294C8100DBC1F5 /* StartView.swift in Sources */ = {isa = PBXBuildFile; fileRef = ECCB95E62F294C8100DBC1F5 /* StartView.swift */; };
		ECCB95E92F294C8F00DBC1F5 /* StartViewModel.swift in Sources */ = {isa = PBXBuildFile; fileRef = ECCB95E82F294C8F00DBC1F5 /* StartViewModel.swift */; };
		ECCB95EB2F294CA700DBC1F5 /* SetupChallengeView.swift in Sources */ = {isa = PBXBuildFile; fileRef = ECCB95EA2F294CA700DBC1F5 /* SetupChallengeView.swift */; };
		ECCB95ED2F294CAE00DBC1F5 /* SetupChallengeViewModel.swift in Sources */ = {isa = PBXBuildFile; fileRef = ECCB95EC2F294CAE00DBC1F5 /* SetupChallengeViewModel.swift */; };
		ECCB95EF2F294CC900DBC1F5 /* MapView.swift in Sources */ = {isa = PBXBuildFile; fileRef = ECCB95EE2F294CC900DBC1F5 /* MapView.swift */; };
		ECCB95F12F294CD100DBC1F5 /* MapViewModel.swift in Sources */ = {isa = PBXBuildFile; fileRef = ECCB95F02F294CD100DBC1F5 /* MapViewModel.swift */; };
		ECCB95FF2F294DD900DBC1F5 /* ProfileViewModel.swift in Sources */ = {isa = PBXBuildFile; fileRef = ECCB95FE2F294DD900DBC1F5 /* ProfileViewModel.swift */; };
		ECCB96012F294DE900DBC1F5 /* ProfileView.swift in Sources */ = {isa = PBXBuildFile; fileRef = ECCB96002F294DE900DBC1F5 /* ProfileView.swift */; };
		ECCB96032F294DFF00DBC1F5 /* JoinWithCodePopup.swift in Sources */ = {isa = PBXBuildFile; fileRef = ECCB96022F294DFF00DBC1F5 /* JoinWithCodePopup.swift */; };
		ECCB97882F2C3DA100DBC1F5 /* WaitingView.swift in Sources */ = {isa = PBXBuildFile; fileRef = ECCB97872F2C3DA100DBC1F5 /* WaitingView.swift */; };
		ECCB978A2F2C3DB300DBC1F5 /* WaitingViewModel.swift in Sources */ = {isa = PBXBuildFile; fileRef = ECCB97892F2C3DB300DBC1F5 /* WaitingViewModel.swift */; };
		ECCB978F2F2D89E500DBC1F5 /* RussoOne-Regular.ttf in Resources */ = {isa = PBXBuildFile; fileRef = ECCB978E2F2D89E500DBC1F5 /* RussoOne-Regular.ttf */; };
		ECCF7DCE2F3A5EA70003F772 /* WindTumbleweed.swift in Sources */ = {isa = PBXBuildFile; fileRef = ECCF7DCD2F3A5EA70003F772 /* WindTumbleweed.swift */; };
		ECCF7DE62F3A8E3C0003F772 /* WidgetKit.framework in Frameworks */ = {isa = PBXBuildFile; fileRef = ECCF7DE52F3A8E3C0003F772 /* WidgetKit.framework */; };
		ECCF7DE82F3A8E3C0003F772 /* SwiftUI.framework in Frameworks */ = {isa = PBXBuildFile; fileRef = ECCF7DE72F3A8E3C0003F772 /* SwiftUI.framework */; };
		ECCF7DF52F3A8E3D0003F772 /* SteepishWidgetExtension.appex in Embed Foundation Extensions */ = {isa = PBXBuildFile; fileRef = ECCF7DE32F3A8E3C0003F772 /* SteepishWidgetExtension.appex */; settings = {ATTRIBUTES = (RemoveHeadersOnCopy, ); }; };
		ECCF7E042F3A8E4B0003F772 /* StepGameWidgetBundle.swift in Sources */ = {isa = PBXBuildFile; fileRef = ECCF7DFE2F3A8E4B0003F772 /* StepGameWidgetBundle.swift */; };
		ECCF7E072F3A8F600003F772 /* RussoOne-Regular.ttf in Resources */ = {isa = PBXBuildFile; fileRef = ECCB978E2F2D89E500DBC1F5 /* RussoOne-Regular.ttf */; };
		ECCF7E0C2F3A934B0003F772 /* WidgetStore.swift in Sources */ = {isa = PBXBuildFile; fileRef = ECCF7E0B2F3A934B0003F772 /* WidgetStore.swift */; };
		ECCF7E122F3A97380003F772 /* Assets.xcassets in Resources */ = {isa = PBXBuildFile; fileRef = ECCAEE3D2F218AAA0047C5DF /* Assets.xcassets */; };
/* End PBXBuildFile section */

/* Begin PBXContainerItemProxy section */
		ECCF7DF32F3A8E3D0003F772 /* PBXContainerItemProxy */ = {
			isa = PBXContainerItemProxy;
			containerPortal = ECCAEE202F21888B0047C5DF /* Project object */;
			proxyType = 1;
			remoteGlobalIDString = ECCF7DE22F3A8E3C0003F772;
			remoteInfo = StepGameWidgetExtension;
		};
/* End PBXContainerItemProxy section */

/* Begin PBXCopyFilesBuildPhase section */
		ECCF7DF62F3A8E3D0003F772 /* Embed Foundation Extensions */ = {
			isa = PBXCopyFilesBuildPhase;
			buildActionMask = 2147483647;
			dstPath = "";
			dstSubfolderSpec = 13;
			files = (
				ECCF7DF52F3A8E3D0003F772 /* SteepishWidgetExtension.appex in Embed Foundation Extensions */,
			);
			name = "Embed Foundation Extensions";
			runOnlyForDeploymentPostprocessing = 0;
		};
/* End PBXCopyFilesBuildPhase section */

/* Begin PBXFileReference section */
		EC2548B22F34194E0003414C /* MapPathEditorHelper.swift */ = {isa = PBXFileReference; lastKnownFileType = sourcecode.swift; path = MapPathEditorHelper.swift; sourceTree = "<group>"; };
		EC26DE202F3D3873007DDE2B /* WiringGameViewModel.swift */ = {isa = PBXFileReference; lastKnownFileType = sourcecode.swift; path = WiringGameViewModel.swift; sourceTree = "<group>"; };
		EC26DE282F3D3992007DDE2B /* PuzzlePromptPopup.swift */ = {isa = PBXFileReference; lastKnownFileType = sourcecode.swift; path = PuzzlePromptPopup.swift; sourceTree = "<group>"; };
		EC26DE2C2F3D3A01007DDE2B /* PuzzleResultPopUp.swift */ = {isa = PBXFileReference; lastKnownFileType = sourcecode.swift; path = PuzzleResultPopUp.swift; sourceTree = "<group>"; };
		EC659333300949750097CC10 /* Challengeparticipant.swift */ = {isa = PBXFileReference; lastKnownFileType = sourcecode.swift; path = Challengeparticipant.swift; sourceTree = "<group>"; };
		EC6593353009497E0097CC10 /* Challenge.swift */ = {isa = PBXFileReference; lastKnownFileType = sourcecode.swift; path = Challenge.swift; sourceTree = "<group>"; };
		EC659337300949820097CC10 /* Player.swift */ = {isa = PBXFileReference; lastKnownFileType = sourcecode.swift; path = Player.swift; sourceTree = "<group>"; };
		EC65933D30094AF40097CC10 /* Firebase+Auth.swift */ = {isa = PBXFileReference; lastKnownFileType = sourcecode.swift; path = "Firebase+Auth.swift"; sourceTree = "<group>"; };
		EC65933E30094AF70097CC10 /* Firebase+Players.swift */ = {isa = PBXFileReference; lastKnownFileType = sourcecode.swift; path = "Firebase+Players.swift"; sourceTree = "<group>"; };
		EC65933F30094AFA0097CC10 /* Firebase+Challenges.swift */ = {isa = PBXFileReference; lastKnownFileType = sourcecode.swift; path = "Firebase+Challenges.swift"; sourceTree = "<group>"; };
		EC65934030094AFC0097CC10 /* Firebase+Participants.swift */ = {isa = PBXFileReference; lastKnownFileType = sourcecode.swift; path = "Firebase+Participants.swift"; sourceTree = "<group>"; };
		EC65934130094AFE0097CC10 /* Firebase+Puzzle.swift */ = {isa = PBXFileReference; lastKnownFileType = sourcecode.swift; path = "Firebase+Puzzle.swift"; sourceTree = "<group>"; };
		EC65934230094B120097CC10 /* Firebase+Notifications.swift */ = {isa = PBXFileReference; lastKnownFileType = sourcecode.swift; path = "Firebase+Notifications.swift"; sourceTree = "<group>"; };
		EC65934430094B160097CC10 /* Firebase+Listeners.swift */ = {isa = PBXFileReference; lastKnownFileType = sourcecode.swift; path = "Firebase+Listeners.swift"; sourceTree = "<group>"; };
		EC65934730094BE90097CC10 /* Firebase+AppConfig.swift */ = {isa = PBXFileReference; lastKnownFileType = sourcecode.swift; path = "Firebase+AppConfig.swift"; sourceTree = "<group>"; };
		EC6593503009522B0097CC10 /* AppConfig.swift */ = {isa = PBXFileReference; lastKnownFileType = sourcecode.swift; path = AppConfig.swift; sourceTree = "<group>"; };
		EC659354300C10B80097CC10 /* ConnectivityMonitor.swift */ = {isa = PBXFileReference; lastKnownFileType = sourcecode.swift; path = ConnectivityMonitor.swift; sourceTree = "<group>"; };
		EC659356300C13A60097CC10 /* AppDelegate.swift */ = {isa = PBXFileReference; lastKnownFileType = sourcecode.swift; path = AppDelegate.swift; sourceTree = "<group>"; };
		EC659369300C17840097CC10 /* Documentation.docc */ = {isa = PBXFileReference; lastKnownFileType = folder.documentationcatalog; path = Documentation.docc; sourceTree = "<group>"; };
		EC6BAB1B2F3159E300BDBEC8 /* RootView.swift */ = {isa = PBXFileReference; lastKnownFileType = sourcecode.swift; path = RootView.swift; sourceTree = "<group>"; };
		EC6BAB1D2F315A3000BDBEC8 /* UserSession.swift */ = {isa = PBXFileReference; lastKnownFileType = sourcecode.swift; path = UserSession.swift; sourceTree = "<group>"; };
		EC7628CA2F395ADB008952D9 /* Puzzlehistory.swift */ = {isa = PBXFileReference; lastKnownFileType = sourcecode.swift; path = Puzzlehistory.swift; sourceTree = "<group>"; };
		EC77AE8D2F3B9A320056D261 /* OfflineBanner.swift */ = {isa = PBXFileReference; lastKnownFileType = sourcecode.swift; path = OfflineBanner.swift; sourceTree = "<group>"; };
		EC80F3C52F3F810800544443 /* MapView+Content.swift */ = {isa = PBXFileReference; lastKnownFileType = sourcecode.swift; path = "MapView+Content.swift"; sourceTree = "<group>"; };
		EC80F3C72F3F812F00544443 /* MapView+Sheets.swift */ = {isa = PBXFileReference; lastKnownFileType = sourcecode.swift; path = "MapView+Sheets.swift"; sourceTree = "<group>"; };
		EC80F3C92F3F814300544443 /* MapView+Puzzle.swift */ = {isa = PBXFileReference; lastKnownFileType = sourcecode.swift; path = "MapView+Puzzle.swift"; sourceTree = "<group>"; };
		EC80F3CC2F3FB01200544443 /* ChallengeResultPopup.swift */ = {isa = PBXFileReference; lastKnownFileType = sourcecode.swift; path = ChallengeResultPopup.swift; sourceTree = "<group>"; };
		EC80F3CD2F3FB01200544443 /* ChallengesSheet.swift */ = {isa = PBXFileReference; lastKnownFileType = sourcecode.swift; path = ChallengesSheet.swift; sourceTree = "<group>"; };
		EC80F3D12F3FB44900544443 /* PuzzleWiringView.swift */ = {isa = PBXFileReference; lastKnownFileType = sourcecode.swift; path = PuzzleWiringView.swift; sourceTree = "<group>"; };
		EC9F96CA2F57B61F0046AE33 /* DateRangePicker.swift */ = {isa = PBXFileReference; lastKnownFileType = sourcecode.swift; path = DateRangePicker.swift; sourceTree = "<group>"; };
		ECB380DF2F7519EB00E18E4D /* walkingshoes.json */ = {isa = PBXFileReference; lastKnownFileType = text.json; path = walkingshoes.json; sourceTree = "<group>"; };
		ECCAEE282F21888B0047C5DF /* Steepish.app */ = {isa = PBXFileReference; explicitFileType = wrapper.application; includeInIndex = 0; path = Steepish.app; sourceTree = BUILT_PRODUCTS_DIR; };
		ECCAEE3D2F218AAA0047C5DF /* Assets.xcassets */ = {isa = PBXFileReference; lastKnownFileType = folder.assetcatalog; path = Assets.xcassets; sourceTree = "<group>"; };
		ECCAEE3F2F218AAA0047C5DF /* GoogleService-Info.plist */ = {isa = PBXFileReference; lastKnownFileType = text.plist.xml; path = "GoogleService-Info.plist"; sourceTree = "<group>"; };
		ECCB95CB2F29478100DBC1F5 /* SteepishApp.swift */ = {isa = PBXFileReference; lastKnownFileType = sourcecode.swift; path = SteepishApp.swift; sourceTree = "<group>"; };
		ECCB95D42F29483B00DBC1F5 /* FirebaseService.swift */ = {isa = PBXFileReference; lastKnownFileType = sourcecode.swift; path = FirebaseService.swift; sourceTree = "<group>"; };
		ECCB95D62F29484A00DBC1F5 /* HealthKitService.swift */ = {isa = PBXFileReference; lastKnownFileType = sourcecode.swift; path = HealthKitService.swift; sourceTree = "<group>"; };
		ECCB95DA2F294C0F00DBC1F5 /* SplashView.swift */ = {isa = PBXFileReference; lastKnownFileType = sourcecode.swift; path = SplashView.swift; sourceTree = "<group>"; };
		ECCB95DC2F294C2100DBC1F5 /* SplashViewModel.swift */ = {isa = PBXFileReference; lastKnownFileType = sourcecode.swift; path = SplashViewModel.swift; sourceTree = "<group>"; };
		ECCB95DE2F294C3D00DBC1F5 /* OnboardingView.swift */ = {isa = PBXFileReference; lastKnownFileType = sourcecode.swift; path = OnboardingView.swift; sourceTree = "<group>"; };
		ECCB95E02F294C4500DBC1F5 /* OnboardingViewModel.swift */ = {isa = PBXFileReference; lastKnownFileType = sourcecode.swift; path = OnboardingViewModel.swift; sourceTree = "<group>"; };
		ECCB95E22F294C5A00DBC1F5 /* EnterNameView.swift */ = {isa = PBXFileReference; lastKnownFileType = sourcecode.swift; path = EnterNameView.swift; sourceTree = "<group>"; };
		ECCB95E42F294C6100DBC1F5 /* EnterNameViewModel.swift */ = {isa = PBXFileReference; lastKnownFileType = sourcecode.swift; path = EnterNameViewModel.swift; sourceTree = "<group>"; };
		ECCB95E62F294C8100DBC1F5 /* StartView.swift */ = {isa = PBXFileReference; lastKnownFileType = sourcecode.swift; path = StartView.swift; sourceTree = "<group>"; };
		ECCB95E82F294C8F00DBC1F5 /* StartViewModel.swift */ = {isa = PBXFileReference; lastKnownFileType = sourcecode.swift; path = StartViewModel.swift; sourceTree = "<group>"; };
		ECCB95EA2F294CA700DBC1F5 /* SetupChallengeView.swift */ = {isa = PBXFileReference; lastKnownFileType = sourcecode.swift; path = SetupChallengeView.swift; sourceTree = "<group>"; };
		ECCB95EC2F294CAE00DBC1F5 /* SetupChallengeViewModel.swift */ = {isa = PBXFileReference; lastKnownFileType = sourcecode.swift; path = SetupChallengeViewModel.swift; sourceTree = "<group>"; };
		ECCB95EE2F294CC900DBC1F5 /* MapView.swift */ = {isa = PBXFileReference; lastKnownFileType = sourcecode.swift; path = MapView.swift; sourceTree = "<group>"; };
		ECCB95F02F294CD100DBC1F5 /* MapViewModel.swift */ = {isa = PBXFileReference; lastKnownFileType = sourcecode.swift; path = MapViewModel.swift; sourceTree = "<group>"; };
		ECCB95FE2F294DD900DBC1F5 /* ProfileViewModel.swift */ = {isa = PBXFileReference; lastKnownFileType = sourcecode.swift; path = ProfileViewModel.swift; sourceTree = "<group>"; };
		ECCB96002F294DE900DBC1F5 /* ProfileView.swift */ = {isa = PBXFileReference; lastKnownFileType = sourcecode.swift; path = ProfileView.swift; sourceTree = "<group>"; };
		ECCB96022F294DFF00DBC1F5 /* JoinWithCodePopup.swift */ = {isa = PBXFileReference; lastKnownFileType = sourcecode.swift; path = JoinWithCodePopup.swift; sourceTree = "<group>"; };
		ECCB97872F2C3DA100DBC1F5 /* WaitingView.swift */ = {isa = PBXFileReference; lastKnownFileType = sourcecode.swift; path = WaitingView.swift; sourceTree = "<group>"; };
		ECCB97892F2C3DB300DBC1F5 /* WaitingViewModel.swift */ = {isa = PBXFileReference; lastKnownFileType = sourcecode.swift; path = WaitingViewModel.swift; sourceTree = "<group>"; };
		ECCB978E2F2D89E500DBC1F5 /* RussoOne-Regular.ttf */ = {isa = PBXFileReference; lastKnownFileType = file; path = "RussoOne-Regular.ttf"; sourceTree = "<group>"; };
		ECCF7DCD2F3A5EA70003F772 /* WindTumbleweed.swift */ = {isa = PBXFileReference; lastKnownFileType = sourcecode.swift; path = WindTumbleweed.swift; sourceTree = "<group>"; };
		ECCF7DE32F3A8E3C0003F772 /* SteepishWidgetExtension.appex */ = {isa = PBXFileReference; explicitFileType = "wrapper.app-extension"; includeInIndex = 0; path = SteepishWidgetExtension.appex; sourceTree = BUILT_PRODUCTS_DIR; };
		ECCF7DE52F3A8E3C0003F772 /* WidgetKit.framework */ = {isa = PBXFileReference; lastKnownFileType = wrapper.framework; name = WidgetKit.framework; path = System/Library/Frameworks/WidgetKit.framework; sourceTree = SDKROOT; };
		ECCF7DE72F3A8E3C0003F772 /* SwiftUI.framework */ = {isa = PBXFileReference; lastKnownFileType = wrapper.framework; name = SwiftUI.framework; path = System/Library/Frameworks/SwiftUI.framework; sourceTree = SDKROOT; };
		ECCF7DFC2F3A8E4B0003F772 /* Info.plist */ = {isa = PBXFileReference; lastKnownFileType = text.plist.xml; path = Info.plist; sourceTree = "<group>"; };
		ECCF7DFE2F3A8E4B0003F772 /* StepGameWidgetBundle.swift */ = {isa = PBXFileReference; lastKnownFileType = sourcecode.swift; path = StepGameWidgetBundle.swift; sourceTree = "<group>"; };
		ECCF7E082F3A920A0003F772 /* StepGameWidgetExtension.entitlements */ = {isa = PBXFileReference; lastKnownFileType = text.plist.entitlements; path = StepGameWidgetExtension.entitlements; sourceTree = "<group>"; };
		ECCF7E0B2F3A934B0003F772 /* WidgetStore.swift */ = {isa = PBXFileReference; lastKnownFileType = sourcecode.swift; path = WidgetStore.swift; sourceTree = "<group>"; };
/* End PBXFileReference section */

/* Begin PBXFrameworksBuildPhase section */
		ECCAEE252F21888B0047C5DF /* Frameworks */ = {
			isa = PBXFrameworksBuildPhase;
			buildActionMask = 2147483647;
			files = (
				ECB9E7282F74989500F36514 /* FirebaseMessaging in Frameworks */,
				ECCAEE3A2F218A8B0047C5DF /* FirebaseAuth in Frameworks */,
				ECCAEE3C2F218A8B0047C5DF /* FirebaseFirestore in Frameworks */,
				ECB380D62F75134600E18E4D /* Lottie in Frameworks */,
			);
			runOnlyForDeploymentPostprocessing = 0;
		};
		ECCF7DE02F3A8E3C0003F772 /* Frameworks */ = {
			isa = PBXFrameworksBuildPhase;
			buildActionMask = 2147483647;
			files = (
				ECCF7DE82F3A8E3C0003F772 /* SwiftUI.framework in Frameworks */,
				ECCF7DE62F3A8E3C0003F772 /* WidgetKit.framework in Frameworks */,
			);
			runOnlyForDeploymentPostprocessing = 0;
		};
/* End PBXFrameworksBuildPhase section */

/* Begin PBXGroup section */
		EC2548B12F34193E0003414C /* Helpers */ = {
			isa = PBXGroup;
			children = (
				EC659354300C10B80097CC10 /* ConnectivityMonitor.swift */,
				EC77AE8D2F3B9A320056D261 /* OfflineBanner.swift */,
				ECCF7DCD2F3A5EA70003F772 /* WindTumbleweed.swift */,
				EC2548B22F34194E0003414C /* MapPathEditorHelper.swift */,
			);
			path = Helpers;
			sourceTree = "<group>";
		};
		EC26DE1F2F3D3873007DDE2B /* View */ = {
			isa = PBXGroup;
			children = (
				EC80F3D12F3FB44900544443 /* PuzzleWiringView.swift */,
				EC26DE282F3D3992007DDE2B /* PuzzlePromptPopup.swift */,
				EC26DE2C2F3D3A01007DDE2B /* PuzzleResultPopUp.swift */,
			);
			path = View;
			sourceTree = "<group>";
		};
		EC26DE212F3D3873007DDE2B /* ViewModel */ = {
			isa = PBXGroup;
			children = (
				EC26DE202F3D3873007DDE2B /* WiringGameViewModel.swift */,
			);
			path = ViewModel;
			sourceTree = "<group>";
		};
		EC26DE222F3D3873007DDE2B /* PuzzlePage */ = {
			isa = PBXGroup;
			children = (
				EC26DE212F3D3873007DDE2B /* ViewModel */,
				EC26DE1F2F3D3873007DDE2B /* View */,
			);
			path = PuzzlePage;
			sourceTree = "<group>";
		};
		EC65933A30094AA80097CC10 /* Firebase */ = {
			isa = PBXGroup;
			children = (
				ECCB95D42F29483B00DBC1F5 /* FirebaseService.swift */,
				EC65934730094BE90097CC10 /* Firebase+AppConfig.swift */,
				EC65933D30094AF40097CC10 /* Firebase+Auth.swift */,
				EC65933E30094AF70097CC10 /* Firebase+Players.swift */,
				EC65933F30094AFA0097CC10 /* Firebase+Challenges.swift */,
				EC65934030094AFC0097CC10 /* Firebase+Participants.swift */,
				EC65934130094AFE0097CC10 /* Firebase+Puzzle.swift */,
				EC65934230094B120097CC10 /* Firebase+Notifications.swift */,
				EC65934430094B160097CC10 /* Firebase+Listeners.swift */,
			);
			path = Firebase;
			sourceTree = "<group>";
		};
		EC65933C30094AB60097CC10 /* HealthKit */ = {
			isa = PBXGroup;
			children = (
				ECCB95D62F29484A00DBC1F5 /* HealthKitService.swift */,
			);
			path = HealthKit;
			sourceTree = "<group>";
		};
		EC80F3C32F3F802800544443 /* ViewModel */ = {
			isa = PBXGroup;
			children = (
				ECCB95F02F294CD100DBC1F5 /* MapViewModel.swift */,
			);
			path = ViewModel;
			sourceTree = "<group>";
		};
		EC80F3C42F3F802A00544443 /* View */ = {
			isa = PBXGroup;
			children = (
				ECCB95EE2F294CC900DBC1F5 /* MapView.swift */,
				EC80F3C52F3F810800544443 /* MapView+Content.swift */,
				EC80F3C72F3F812F00544443 /* MapView+Sheets.swift */,
				EC80F3C92F3F814300544443 /* MapView+Puzzle.swift */,
			);
			path = View;
			sourceTree = "<group>";
		};
		EC80F3CE2F3FB01200544443 /* ChallengesSheet */ = {
			isa = PBXGroup;
			children = (
				EC80F3CD2F3FB01200544443 /* ChallengesSheet.swift */,
				EC80F3CC2F3FB01200544443 /* ChallengeResultPopup.swift */,
			);
			path = ChallengesSheet;
			sourceTree = "<group>";
		};
		ECCAEE1F2F21888B0047C5DF = {
			isa = PBXGroup;
			children = (
				ECCAEE412F218AAA0047C5DF /* Steepish */,
				ECCF7E002F3A8E4B0003F772 /* SteepishWidget */,
				ECCF7DE42F3A8E3C0003F772 /* Frameworks */,
				ECCAEE292F21888B0047C5DF /* Products */,
			);
			sourceTree = "<group>";
		};
		ECCAEE292F21888B0047C5DF /* Products */ = {
			isa = PBXGroup;
			children = (
				ECCAEE282F21888B0047C5DF /* Steepish.app */,
				ECCF7DE32F3A8E3C0003F772 /* SteepishWidgetExtension.appex */,
			);
			name = Products;
			sourceTree = "<group>";
		};
		ECCAEE412F218AAA0047C5DF /* Steepish */ = {
			isa = PBXGroup;
			children = (
				ECCB95CC2F29478100DBC1F5 /* App */,
				ECCB95C82F29473600DBC1F5 /* Services */,
				ECCB95C72F29473600DBC1F5 /* Models */,
				ECCB95C62F29472F00DBC1F5 /* Pages */,
				ECCF7E0A2F3A93350003F772 /* Widget */,
				EC2548B12F34193E0003414C /* Helpers */,
				ECCB95C12F29472F00DBC1F5 /* Resources */,
				EC659369300C17840097CC10 /* Documentation.docc */,
			);
			path = Steepish;
			sourceTree = "<group>";
		};
		ECCB95BC2F29472F00DBC1F5 /* EnterNamePage */ = {
			isa = PBXGroup;
			children = (
				ECCB95E22F294C5A00DBC1F5 /* EnterNameView.swift */,
				ECCB95E42F294C6100DBC1F5 /* EnterNameViewModel.swift */,
			);
			path = EnterNamePage;
			sourceTree = "<group>";
		};
		ECCB95BD2F29472F00DBC1F5 /* MapPage */ = {
			isa = PBXGroup;
			children = (
				EC80F3C32F3F802800544443 /* ViewModel */,
				EC80F3C42F3F802A00544443 /* View */,
			);
			path = MapPage;
			sourceTree = "<group>";
		};
		ECCB95BE2F29472F00DBC1F5 /* OnboardingPage */ = {
			isa = PBXGroup;
			children = (
				ECCB95DE2F294C3D00DBC1F5 /* OnboardingView.swift */,
				ECCB95E02F294C4500DBC1F5 /* OnboardingViewModel.swift */,
			);
			path = OnboardingPage;
			sourceTree = "<group>";
		};
		ECCB95BF2F29472F00DBC1F5 /* ProfilePage */ = {
			isa = PBXGroup;
			children = (
				ECCB96002F294DE900DBC1F5 /* ProfileView.swift */,
				ECCB95FE2F294DD900DBC1F5 /* ProfileViewModel.swift */,
			);
			path = ProfilePage;
			sourceTree = "<group>";
		};
		ECCB95C12F29472F00DBC1F5 /* Resources */ = {
			isa = PBXGroup;
			children = (
				ECB380DF2F7519EB00E18E4D /* walkingshoes.json */,
				ECCB978D2F2D89DE00DBC1F5 /* Fonts */,
				ECCAEE3D2F218AAA0047C5DF /* Assets.xcassets */,
				ECCAEE3F2F218AAA0047C5DF /* GoogleService-Info.plist */,
			);
			path = Resources;
			sourceTree = "<group>";
		};
		ECCB95C22F29472F00DBC1F5 /* SetupChallengePage */ = {
			isa = PBXGroup;
			children = (
				ECCB95EA2F294CA700DBC1F5 /* SetupChallengeView.swift */,
				ECCB95EC2F294CAE00DBC1F5 /* SetupChallengeViewModel.swift */,
				ECCB96022F294DFF00DBC1F5 /* JoinWithCodePopup.swift */,
				EC9F96CA2F57B61F0046AE33 /* DateRangePicker.swift */,
			);
			path = SetupChallengePage;
			sourceTree = "<group>";
		};
		ECCB95C42F29472F00DBC1F5 /* SplashPage */ = {
			isa = PBXGroup;
			children = (
				ECCB95DA2F294C0F00DBC1F5 /* SplashView.swift */,
				ECCB95DC2F294C2100DBC1F5 /* SplashViewModel.swift */,
			);
			path = SplashPage;
			sourceTree = "<group>";
		};
		ECCB95C52F29472F00DBC1F5 /* StartPage */ = {
			isa = PBXGroup;
			children = (
				ECCB95E62F294C8100DBC1F5 /* StartView.swift */,
				ECCB95E82F294C8F00DBC1F5 /* StartViewModel.swift */,
			);
			path = StartPage;
			sourceTree = "<group>";
		};
		ECCB95C62F29472F00DBC1F5 /* Pages */ = {
			isa = PBXGroup;
			children = (
				ECCB95C42F29472F00DBC1F5 /* SplashPage */,
				ECCB95BE2F29472F00DBC1F5 /* OnboardingPage */,
				ECCB95BC2F29472F00DBC1F5 /* EnterNamePage */,
				ECCB95C52F29472F00DBC1F5 /* StartPage */,
				ECCB95C22F29472F00DBC1F5 /* SetupChallengePage */,
				ECCB97862F2C3D5900DBC1F5 /* WaitingPage */,
				ECCB95BD2F29472F00DBC1F5 /* MapPage */,
				EC80F3CE2F3FB01200544443 /* ChallengesSheet */,
				EC26DE222F3D3873007DDE2B /* PuzzlePage */,
				ECCB95BF2F29472F00DBC1F5 /* ProfilePage */,
			);
			path = Pages;
			sourceTree = "<group>";
		};
		ECCB95C72F29473600DBC1F5 /* Models */ = {
			isa = PBXGroup;
			children = (
				EC659337300949820097CC10 /* Player.swift */,
				EC6593353009497E0097CC10 /* Challenge.swift */,
				EC659333300949750097CC10 /* Challengeparticipant.swift */,
				EC7628CA2F395ADB008952D9 /* Puzzlehistory.swift */,
				EC6593503009522B0097CC10 /* AppConfig.swift */,
			);
			path = Models;
			sourceTree = "<group>";
		};
		ECCB95C82F29473600DBC1F5 /* Services */ = {
			isa = PBXGroup;
			children = (
				EC65933A30094AA80097CC10 /* Firebase */,
				EC65933C30094AB60097CC10 /* HealthKit */,
			);
			path = Services;
			sourceTree = "<group>";
		};
		ECCB95CC2F29478100DBC1F5 /* App */ = {
			isa = PBXGroup;
			children = (
				ECCB95CB2F29478100DBC1F5 /* SteepishApp.swift */,
				EC659356300C13A60097CC10 /* AppDelegate.swift */,
				EC6BAB1B2F3159E300BDBEC8 /* RootView.swift */,
				EC6BAB1D2F315A3000BDBEC8 /* UserSession.swift */,
			);
			path = App;
			sourceTree = "<group>";
		};
		ECCB97862F2C3D5900DBC1F5 /* WaitingPage */ = {
			isa = PBXGroup;
			children = (
				ECCB97872F2C3DA100DBC1F5 /* WaitingView.swift */,
				ECCB97892F2C3DB300DBC1F5 /* WaitingViewModel.swift */,
			);
			path = WaitingPage;
			sourceTree = "<group>";
		};
		ECCB978D2F2D89DE00DBC1F5 /* Fonts */ = {
			isa = PBXGroup;
			children = (
				ECCB978E2F2D89E500DBC1F5 /* RussoOne-Regular.ttf */,
			);
			path = Fonts;
			sourceTree = "<group>";
		};
		ECCF7DE42F3A8E3C0003F772 /* Frameworks */ = {
			isa = PBXGroup;
			children = (
				ECCF7DE52F3A8E3C0003F772 /* WidgetKit.framework */,
				ECCF7DE72F3A8E3C0003F772 /* SwiftUI.framework */,
				ECCF7E082F3A920A0003F772 /* StepGameWidgetExtension.entitlements */,
			);
			name = Frameworks;
			sourceTree = "<group>";
		};
		ECCF7E002F3A8E4B0003F772 /* SteepishWidget */ = {
			isa = PBXGroup;
			children = (
				ECCF7DFE2F3A8E4B0003F772 /* StepGameWidgetBundle.swift */,
				ECCF7DFC2F3A8E4B0003F772 /* Info.plist */,
			);
			path = SteepishWidget;
			sourceTree = "<group>";
		};
		ECCF7E0A2F3A93350003F772 /* Widget */ = {
			isa = PBXGroup;
			children = (
				ECCF7E0B2F3A934B0003F772 /* WidgetStore.swift */,
			);
			path = Widget;
			sourceTree = "<group>";
		};
/* End PBXGroup section */

/* Begin PBXNativeTarget section */
		ECCAEE272F21888B0047C5DF /* Steepish */ = {
			isa = PBXNativeTarget;
			buildConfigurationList = ECCAEE332F21888C0047C5DF /* Build configuration list for PBXNativeTarget "Steepish" */;
			buildPhases = (
				ECCAEE242F21888B0047C5DF /* Sources */,
				ECCAEE252F21888B0047C5DF /* Frameworks */,
				ECCAEE262F21888B0047C5DF /* Resources */,
				ECCF7DF62F3A8E3D0003F772 /* Embed Foundation Extensions */,
			);
			buildRules = (
			);
			dependencies = (
				ECCF7DF42F3A8E3D0003F772 /* PBXTargetDependency */,
			);
			name = Steepish;
			packageProductDependencies = (
				ECCAEE392F218A8B0047C5DF /* FirebaseAuth */,
				ECCAEE3B2F218A8B0047C5DF /* FirebaseFirestore */,
				ECB9E7272F74989500F36514 /* FirebaseMessaging */,
				ECB380D52F75134600E18E4D /* Lottie */,
			);
			productName = StepGame;
			productReference = ECCAEE282F21888B0047C5DF /* Steepish.app */;
			productType = "com.apple.product-type.application";
		};
		ECCF7DE22F3A8E3C0003F772 /* SteepishWidgetExtension */ = {
			isa = PBXNativeTarget;
			buildConfigurationList = ECCF7DFA2F3A8E3D0003F772 /* Build configuration list for PBXNativeTarget "SteepishWidgetExtension" */;
			buildPhases = (
				ECCF7DDF2F3A8E3C0003F772 /* Sources */,
				ECCF7DE02F3A8E3C0003F772 /* Frameworks */,
				ECCF7DE12F3A8E3C0003F772 /* Resources */,
			);
			buildRules = (
			);
			dependencies = (
			);
			name = SteepishWidgetExtension;
			packageProductDependencies = (
			);
			productName = StepGameWidgetExtension;
			productReference = ECCF7DE32F3A8E3C0003F772 /* SteepishWidgetExtension.appex */;
			productType = "com.apple.product-type.app-extension";
		};
/* End PBXNativeTarget section */

/* Begin PBXProject section */
		ECCAEE202F21888B0047C5DF /* Project object */ = {
			isa = PBXProject;
			attributes = {
				BuildIndependentTargetsInParallel = 1;
				LastSwiftUpdateCheck = 2610;
				LastUpgradeCheck = 2610;
				TargetAttributes = {
					ECCAEE272F21888B0047C5DF = {
						CreatedOnToolsVersion = 26.1.1;
					};
					ECCF7DE22F3A8E3C0003F772 = {
						CreatedOnToolsVersion = 26.1.1;
					};
				};
			};
			buildConfigurationList = ECCAEE232F21888B0047C5DF /* Build configuration list for PBXProject "Steepish" */;
			developmentRegion = en;
			hasScannedForEncodings = 0;
			knownRegions = (
				en,
				Base,
			);
			mainGroup = ECCAEE1F2F21888B0047C5DF;
			minimizedProjectReferenceProxies = 1;
			packageReferences = (
				ECCAEE382F218A8B0047C5DF /* XCRemoteSwiftPackageReference "firebase-ios-sdk" */,
				ECB380D42F75134600E18E4D /* XCRemoteSwiftPackageReference "lottie-ios" */,
			);
			preferredProjectObjectVersion = 77;
			productRefGroup = ECCAEE292F21888B0047C5DF /* Products */;
			projectDirPath = "";
			projectRoot = "";
			targets = (
				ECCAEE272F21888B0047C5DF /* Steepish */,
				ECCF7DE22F3A8E3C0003F772 /* SteepishWidgetExtension */,
			);
		};
/* End PBXProject section */

/* Begin PBXResourcesBuildPhase section */
		ECCAEE262F21888B0047C5DF /* Resources */ = {
			isa = PBXResourcesBuildPhase;
			buildActionMask = 2147483647;
			files = (
				ECB380E12F7519EB00E18E4D /* walkingshoes.json in Resources */,
				ECCAEE422F218AAA0047C5DF /* Assets.xcassets in Resources */,
				ECCB978F2F2D89E500DBC1F5 /* RussoOne-Regular.ttf in Resources */,
				ECCAEE432F218AAA0047C5DF /* GoogleService-Info.plist in Resources */,
			);
			runOnlyForDeploymentPostprocessing = 0;
		};
		ECCF7DE12F3A8E3C0003F772 /* Resources */ = {
			isa = PBXResourcesBuildPhase;
			buildActionMask = 2147483647;
			files = (
				ECB380E02F7519EB00E18E4D /* walkingshoes.json in Resources */,
				ECCF7E122F3A97380003F772 /* Assets.xcassets in Resources */,
				ECCF7E072F3A8F600003F772 /* RussoOne-Regular.ttf in Resources */,
			);
			runOnlyForDeploymentPostprocessing = 0;
		};
/* End PBXResourcesBuildPhase section */

/* Begin PBXSourcesBuildPhase section */
		ECCAEE242F21888B0047C5DF /* Sources */ = {
			isa = PBXSourcesBuildPhase;
			buildActionMask = 2147483647;
			files = (
				EC9F96CB2F57B61F0046AE33 /* DateRangePicker.swift in Sources */,
				ECCB95D52F29483B00DBC1F5 /* FirebaseService.swift in Sources */,
				EC77AE8E2F3B9A320056D261 /* OfflineBanner.swift in Sources */,
				EC80F3CF2F3FB01200544443 /* ChallengeResultPopup.swift in Sources */,
				EC80F3D02F3FB01200544443 /* ChallengesSheet.swift in Sources */,
				EC659338300949820097CC10 /* Player.swift in Sources */,
				EC65934F30094CE70097CC10 /* Firebase+AppConfig.swift in Sources */,
				ECCB97882F2C3DA100DBC1F5 /* WaitingView.swift in Sources */,
				ECCB95E52F294C6100DBC1F5 /* EnterNameViewModel.swift in Sources */,
				EC6593363009497F0097CC10 /* Challenge.swift in Sources */,
				EC80F3C62F3F810800544443 /* MapView+Content.swift in Sources */,
				ECCB95EB2F294CA700DBC1F5 /* SetupChallengeView.swift in Sources */,
				EC65934930094CCF0097CC10 /* Firebase+Notifications.swift in Sources */,
				EC2548B32F34194E0003414C /* MapPathEditorHelper.swift in Sources */,
				ECCB96032F294DFF00DBC1F5 /* JoinWithCodePopup.swift in Sources */,
				EC659357300C13A80097CC10 /* AppDelegate.swift in Sources */,
				ECCB978A2F2C3DB300DBC1F5 /* WaitingViewModel.swift in Sources */,
				EC65934E30094CE30097CC10 /* Firebase+Auth.swift in Sources */,
				EC80F3C82F3F812F00544443 /* MapView+Sheets.swift in Sources */,
				ECCB95D72F29484A00DBC1F5 /* HealthKitService.swift in Sources */,
				ECCB95DF2F294C3D00DBC1F5 /* OnboardingView.swift in Sources */,
				ECCB96012F294DE900DBC1F5 /* ProfileView.swift in Sources */,
				EC7628CB2F395ADB008952D9 /* Puzzlehistory.swift in Sources */,
				EC65936A300C17840097CC10 /* Documentation.docc in Sources */,
				ECCB95E72F294C8100DBC1F5 /* StartView.swift in Sources */,
				EC65934D30094CDF0097CC10 /* Firebase+Players.swift in Sources */,
				EC6BAB1C2F3159E300BDBEC8 /* RootView.swift in Sources */,
				EC80F3D22F3FB44900544443 /* PuzzleWiringView.swift in Sources */,
				ECCF7DCE2F3A5EA70003F772 /* WindTumbleweed.swift in Sources */,
				EC65934C30094CDB0097CC10 /* Firebase+Challenges.swift in Sources */,
				EC26DE292F3D3992007DDE2B /* PuzzlePromptPopup.swift in Sources */,
				EC6BAB1E2F315A3000BDBEC8 /* UserSession.swift in Sources */,
				ECCB95E92F294C8F00DBC1F5 /* StartViewModel.swift in Sources */,
				EC65934830094CCB0097CC10 /* Firebase+Listeners.swift in Sources */,
				ECCF7E0C2F3A934B0003F772 /* WidgetStore.swift in Sources */,
				ECCB95EF2F294CC900DBC1F5 /* MapView.swift in Sources */,
				ECCB95ED2F294CAE00DBC1F5 /* SetupChallengeViewModel.swift in Sources */,
				EC659334300949780097CC10 /* Challengeparticipant.swift in Sources */,
				EC65934B30094CD70097CC10 /* Firebase+Participants.swift in Sources */,
				EC26DE262F3D3873007DDE2B /* WiringGameViewModel.swift in Sources */,
				ECCB95FF2F294DD900DBC1F5 /* ProfileViewModel.swift in Sources */,
				ECCB95E12F294C4500DBC1F5 /* OnboardingViewModel.swift in Sources */,
				EC65934A30094CD30097CC10 /* Firebase+Puzzle.swift in Sources */,
				ECCB95CD2F29478100DBC1F5 /* SteepishApp.swift in Sources */,
				ECCB95DB2F294C0F00DBC1F5 /* SplashView.swift in Sources */,
				ECCB95DD2F294C2100DBC1F5 /* SplashViewModel.swift in Sources */,
				EC659355300C10B90097CC10 /* ConnectivityMonitor.swift in Sources */,
				EC80F3CA2F3F814300544443 /* MapView+Puzzle.swift in Sources */,
				EC659351300952390097CC10 /* AppConfig.swift in Sources */,
				ECCB95E32F294C5A00DBC1F5 /* EnterNameView.swift in Sources */,
				ECCB95F12F294CD100DBC1F5 /* MapViewModel.swift in Sources */,
				EC26DE2D2F3D3A01007DDE2B /* PuzzleResultPopUp.swift in Sources */,
			);
			runOnlyForDeploymentPostprocessing = 0;
		};
		ECCF7DDF2F3A8E3C0003F772 /* Sources */ = {
			isa = PBXSourcesBuildPhase;
			buildActionMask = 2147483647;
			files = (
				ECCF7E042F3A8E4B0003F772 /* StepGameWidgetBundle.swift in Sources */,
				EC65936B300C180F0097CC10 /* Documentation.docc in Sources */,
			);
			runOnlyForDeploymentPostprocessing = 0;
		};
/* End PBXSourcesBuildPhase section */

/* Begin PBXTargetDependency section */
		ECCF7DF42F3A8E3D0003F772 /* PBXTargetDependency */ = {
			isa = PBXTargetDependency;
			target = ECCF7DE22F3A8E3C0003F772 /* SteepishWidgetExtension */;
			targetProxy = ECCF7DF32F3A8E3D0003F772 /* PBXContainerItemProxy */;
		};
/* End PBXTargetDependency section */

/* Begin XCBuildConfiguration section */
		ECCAEE312F21888C0047C5DF /* Debug */ = {
			isa = XCBuildConfiguration;
			buildSettings = {
				ALWAYS_SEARCH_USER_PATHS = NO;
				ASSETCATALOG_COMPILER_GENERATE_SWIFT_ASSET_SYMBOL_EXTENSIONS = YES;
				CLANG_ANALYZER_NONNULL = YES;
				CLANG_ANALYZER_NUMBER_OBJECT_CONVERSION = YES_AGGRESSIVE;
				CLANG_CXX_LANGUAGE_STANDARD = "gnu++20";
				CLANG_ENABLE_MODULES = YES;
				CLANG_ENABLE_OBJC_ARC = YES;
				CLANG_ENABLE_OBJC_WEAK = YES;
				CLANG_WARN_BLOCK_CAPTURE_AUTORELEASING = YES;
				CLANG_WARN_BOOL_CONVERSION = YES;
				CLANG_WARN_COMMA = YES;
				CLANG_WARN_CONSTANT_CONVERSION = YES;
				CLANG_WARN_DEPRECATED_OBJC_IMPLEMENTATIONS = YES;
				CLANG_WARN_DIRECT_OBJC_ISA_USAGE = YES_ERROR;
				CLANG_WARN_DOCUMENTATION_COMMENTS = YES;
				CLANG_WARN_EMPTY_BODY = YES;
				CLANG_WARN_ENUM_CONVERSION = YES;
				CLANG_WARN_INFINITE_RECURSION = YES;
				CLANG_WARN_INT_CONVERSION = YES;
				CLANG_WARN_NON_LITERAL_NULL_CONVERSION = YES;
				CLANG_WARN_OBJC_IMPLICIT_RETAIN_SELF = YES;
				CLANG_WARN_OBJC_LITERAL_CONVERSION = YES;
				CLANG_WARN_OBJC_ROOT_CLASS = YES_ERROR;
				CLANG_WARN_QUOTED_INCLUDE_IN_FRAMEWORK_HEADER = YES;
				CLANG_WARN_RANGE_LOOP_ANALYSIS = YES;
				CLANG_WARN_STRICT_PROTOTYPES = YES;
				CLANG_WARN_SUSPICIOUS_MOVE = YES;
				CLANG_WARN_UNGUARDED_AVAILABILITY = YES_AGGRESSIVE;
				CLANG_WARN_UNREACHABLE_CODE = YES;
				CLANG_WARN__DUPLICATE_METHOD_MATCH = YES;
				COPY_PHASE_STRIP = NO;
				DEBUG_INFORMATION_FORMAT = dwarf;
				DEVELOPMENT_TEAM = Q3BRAU32HS;
				ENABLE_STRICT_OBJC_MSGSEND = YES;
				ENABLE_TESTABILITY = YES;
				ENABLE_USER_SCRIPT_SANDBOXING = YES;
				GCC_C_LANGUAGE_STANDARD = gnu17;
				GCC_DYNAMIC_NO_PIC = NO;
				GCC_NO_COMMON_BLOCKS = YES;
				GCC_OPTIMIZATION_LEVEL = 0;
				GCC_PREPROCESSOR_DEFINITIONS = (
					"DEBUG=1",
					"$(inherited)",
				);
				GCC_WARN_64_TO_32_BIT_CONVERSION = YES;
				GCC_WARN_ABOUT_RETURN_TYPE = YES_ERROR;
				GCC_WARN_UNDECLARED_SELECTOR = YES;
				GCC_WARN_UNINITIALIZED_AUTOS = YES_AGGRESSIVE;
				GCC_WARN_UNUSED_FUNCTION = YES;
				GCC_WARN_UNUSED_VARIABLE = YES;
				IPHONEOS_DEPLOYMENT_TARGET = 26.1;
				LOCALIZATION_PREFERS_STRING_CATALOGS = YES;
				MTL_ENABLE_DEBUG_INFO = INCLUDE_SOURCE;
				MTL_FAST_MATH = YES;
				ONLY_ACTIVE_ARCH = YES;
				SDKROOT = iphoneos;
				SWIFT_ACTIVE_COMPILATION_CONDITIONS = "DEBUG $(inherited)";
				SWIFT_OPTIMIZATION_LEVEL = "-Onone";
			};
			name = Debug;
		};
		ECCAEE322F21888C0047C5DF /* Release */ = {
			isa = XCBuildConfiguration;
			buildSettings = {
				ALWAYS_SEARCH_USER_PATHS = NO;
				ASSETCATALOG_COMPILER_GENERATE_SWIFT_ASSET_SYMBOL_EXTENSIONS = YES;
				CLANG_ANALYZER_NONNULL = YES;
				CLANG_ANALYZER_NUMBER_OBJECT_CONVERSION = YES_AGGRESSIVE;
				CLANG_CXX_LANGUAGE_STANDARD = "gnu++20";
				CLANG_ENABLE_MODULES = YES;
				CLANG_ENABLE_OBJC_ARC = YES;
				CLANG_ENABLE_OBJC_WEAK = YES;
				CLANG_WARN_BLOCK_CAPTURE_AUTORELEASING = YES;
				CLANG_WARN_BOOL_CONVERSION = YES;
				CLANG_WARN_COMMA = YES;
				CLANG_WARN_CONSTANT_CONVERSION = YES;
				CLANG_WARN_DEPRECATED_OBJC_IMPLEMENTATIONS = YES;
				CLANG_WARN_DIRECT_OBJC_ISA_USAGE = YES_ERROR;
				CLANG_WARN_DOCUMENTATION_COMMENTS = YES;
				CLANG_WARN_EMPTY_BODY = YES;
				CLANG_WARN_ENUM_CONVERSION = YES;
				CLANG_WARN_INFINITE_RECURSION = YES;
				CLANG_WARN_INT_CONVERSION = YES;
				CLANG_WARN_NON_LITERAL_NULL_CONVERSION = YES;
				CLANG_WARN_OBJC_IMPLICIT_RETAIN_SELF = YES;
				CLANG_WARN_OBJC_LITERAL_CONVERSION = YES;
				CLANG_WARN_OBJC_ROOT_CLASS = YES_ERROR;
				CLANG_WARN_QUOTED_INCLUDE_IN_FRAMEWORK_HEADER = YES;
				CLANG_WARN_RANGE_LOOP_ANALYSIS = YES;
				CLANG_WARN_STRICT_PROTOTYPES = YES;
				CLANG_WARN_SUSPICIOUS_MOVE = YES;
				CLANG_WARN_UNGUARDED_AVAILABILITY = YES_AGGRESSIVE;
				CLANG_WARN_UNREACHABLE_CODE = YES;
				CLANG_WARN__DUPLICATE_METHOD_MATCH = YES;
				COPY_PHASE_STRIP = NO;
				DEBUG_INFORMATION_FORMAT = "dwarf-with-dsym";
				DEVELOPMENT_TEAM = Q3BRAU32HS;
				ENABLE_NS_ASSERTIONS = NO;
				ENABLE_STRICT_OBJC_MSGSEND = YES;
				ENABLE_USER_SCRIPT_SANDBOXING = YES;
				GCC_C_LANGUAGE_STANDARD = gnu17;
				GCC_NO_COMMON_BLOCKS = YES;
				GCC_WARN_64_TO_32_BIT_CONVERSION = YES;
				GCC_WARN_ABOUT_RETURN_TYPE = YES_ERROR;
				GCC_WARN_UNDECLARED_SELECTOR = YES;
				GCC_WARN_UNINITIALIZED_AUTOS = YES_AGGRESSIVE;
				GCC_WARN_UNUSED_FUNCTION = YES;
				GCC_WARN_UNUSED_VARIABLE = YES;
				IPHONEOS_DEPLOYMENT_TARGET = 26.1;
				LOCALIZATION_PREFERS_STRING_CATALOGS = YES;
				MTL_ENABLE_DEBUG_INFO = NO;
				MTL_FAST_MATH = YES;
				SDKROOT = iphoneos;
				SWIFT_COMPILATION_MODE = wholemodule;
				VALIDATE_PRODUCT = YES;
			};
			name = Release;
		};
		ECCAEE342F21888C0047C5DF /* Debug */ = {
			isa = XCBuildConfiguration;
			buildSettings = {
				ASSETCATALOG_COMPILER_APPICON_NAME = AppIcon;
				ASSETCATALOG_COMPILER_GLOBAL_ACCENT_COLOR_NAME = AccentColor;
				ASSETCATALOG_COMPILER_INCLUDE_ALL_APPICON_ASSETS = YES;
				CODE_SIGN_ENTITLEMENTS = Steepish/Steepish.entitlements;
				CODE_SIGN_STYLE = Automatic;
				CURRENT_PROJECT_VERSION = 1;
				DEVELOPMENT_TEAM = Q3BRAU32HS;
				ENABLE_PREVIEWS = YES;
				GENERATE_INFOPLIST_FILE = YES;
				INFOPLIST_FILE = Steepish/Info.plist;
				INFOPLIST_KEY_CFBundleDisplayName = Steepish;
				INFOPLIST_KEY_NSHealthShareUsageDescription = "Turn on step tracking to start your journey!";
				INFOPLIST_KEY_NSHealthUpdateUsageDescription = "This app requests access to your step count data to display your progress inside the app.";
				INFOPLIST_KEY_UIApplicationSceneManifest_Generation = YES;
				INFOPLIST_KEY_UIApplicationSupportsIndirectInputEvents = YES;
				INFOPLIST_KEY_UILaunchScreen_Generation = YES;
				INFOPLIST_KEY_UILaunchStoryboardName = "";
				INFOPLIST_KEY_UIStatusBarHidden = NO;
				INFOPLIST_KEY_UISupportedInterfaceOrientations = UIInterfaceOrientationPortrait;
				INFOPLIST_KEY_UISupportedInterfaceOrientations_iPad = "UIInterfaceOrientationLandscapeLeft UIInterfaceOrientationLandscapeRight UIInterfaceOrientationPortrait UIInterfaceOrientationPortraitUpsideDown";
				IPHONEOS_DEPLOYMENT_TARGET = 18.0;
				LD_RUNPATH_SEARCH_PATHS = (
					"$(inherited)",
					"@executable_path/Frameworks",
				);
				MARKETING_VERSION = 1.0.10;
				PRODUCT_BUNDLE_IDENTIFIER = com.2026.StepGame;
				PRODUCT_NAME = "$(TARGET_NAME)";
				STRING_CATALOG_GENERATE_SYMBOLS = YES;
				SUPPORTED_PLATFORMS = "iphoneos iphonesimulator";
				SUPPORTS_MACCATALYST = NO;
				SUPPORTS_MAC_DESIGNED_FOR_IPHONE_IPAD = NO;
				SUPPORTS_XR_DESIGNED_FOR_IPHONE_IPAD = NO;
				SWIFT_APPROACHABLE_CONCURRENCY = YES;
				SWIFT_DEFAULT_ACTOR_ISOLATION = MainActor;
				SWIFT_EMIT_LOC_STRINGS = YES;
				SWIFT_UPCOMING_FEATURE_MEMBER_IMPORT_VISIBILITY = YES;
				SWIFT_VERSION = 5.0;
				TARGETED_DEVICE_FAMILY = 1;
			};
			name = Debug;
		};
		ECCAEE352F21888C0047C5DF /* Release */ = {
			isa = XCBuildConfiguration;
			buildSettings = {
				ASSETCATALOG_COMPILER_APPICON_NAME = AppIcon;
				ASSETCATALOG_COMPILER_GLOBAL_ACCENT_COLOR_NAME = AccentColor;
				ASSETCATALOG_COMPILER_INCLUDE_ALL_APPICON_ASSETS = YES;
				CODE_SIGN_ENTITLEMENTS = Steepish/Steepish.entitlements;
				CODE_SIGN_STYLE = Automatic;
				CURRENT_PROJECT_VERSION = 1;
				DEVELOPMENT_TEAM = Q3BRAU32HS;
				ENABLE_PREVIEWS = YES;
				GENERATE_INFOPLIST_FILE = YES;
				INFOPLIST_FILE = Steepish/Info.plist;
				INFOPLIST_KEY_CFBundleDisplayName = Steepish;
				INFOPLIST_KEY_NSHealthShareUsageDescription = "Turn on step tracking to start your journey!";
				INFOPLIST_KEY_NSHealthUpdateUsageDescription = "This app requests access to your step count data to display your progress inside the app.";
				INFOPLIST_KEY_UIApplicationSceneManifest_Generation = YES;
				INFOPLIST_KEY_UIApplicationSupportsIndirectInputEvents = YES;
				INFOPLIST_KEY_UILaunchScreen_Generation = YES;
				INFOPLIST_KEY_UILaunchStoryboardName = "";
				INFOPLIST_KEY_UIStatusBarHidden = NO;
				INFOPLIST_KEY_UISupportedInterfaceOrientations = UIInterfaceOrientationPortrait;
				INFOPLIST_KEY_UISupportedInterfaceOrientations_iPad = "UIInterfaceOrientationLandscapeLeft UIInterfaceOrientationLandscapeRight UIInterfaceOrientationPortrait UIInterfaceOrientationPortraitUpsideDown";
				IPHONEOS_DEPLOYMENT_TARGET = 18.0;
				LD_RUNPATH_SEARCH_PATHS = (
					"$(inherited)",
					"@executable_path/Frameworks",
				);
				MARKETING_VERSION = 1.0.10;
				PRODUCT_BUNDLE_IDENTIFIER = com.2026.StepGame;
				PRODUCT_NAME = "$(TARGET_NAME)";
				STRING_CATALOG_GENERATE_SYMBOLS = YES;
				SUPPORTED_PLATFORMS = "iphoneos iphonesimulator";
				SUPPORTS_MACCATALYST = NO;
				SUPPORTS_MAC_DESIGNED_FOR_IPHONE_IPAD = NO;
				SUPPORTS_XR_DESIGNED_FOR_IPHONE_IPAD = NO;
				SWIFT_APPROACHABLE_CONCURRENCY = YES;
				SWIFT_DEFAULT_ACTOR_ISOLATION = MainActor;
				SWIFT_EMIT_LOC_STRINGS = YES;
				SWIFT_UPCOMING_FEATURE_MEMBER_IMPORT_VISIBILITY = YES;
				SWIFT_VERSION = 5.0;
				TARGETED_DEVICE_FAMILY = 1;
			};
			name = Release;
		};
		ECCF7DF72F3A8E3D0003F772 /* Debug */ = {
			isa = XCBuildConfiguration;
			buildSettings = {
				ASSETCATALOG_COMPILER_GLOBAL_ACCENT_COLOR_NAME = AccentColor;
				ASSETCATALOG_COMPILER_WIDGET_BACKGROUND_COLOR_NAME = WidgetBackground;
				CODE_SIGN_ENTITLEMENTS = SteepishWidgetExtension.entitlements;
				CODE_SIGN_STYLE = Automatic;
				CURRENT_PROJECT_VERSION = 1;
				DEVELOPMENT_TEAM = Q3BRAU32HS;
				GENERATE_INFOPLIST_FILE = YES;
				INFOPLIST_FILE = SteepishWidget/Info.plist;
				INFOPLIST_KEY_CFBundleDisplayName = StepGameWidget;
				INFOPLIST_KEY_NSHumanReadableCopyright = "";
				IPHONEOS_DEPLOYMENT_TARGET = 18.0;
				LD_RUNPATH_SEARCH_PATHS = (
					"$(inherited)",
					"@executable_path/Frameworks",
					"@executable_path/../../Frameworks",
				);
				MARKETING_VERSION = 1.0;
				PRODUCT_BUNDLE_IDENTIFIER = com.2026.StepGame.StepGameWidget;
				PRODUCT_NAME = "$(TARGET_NAME)";
				SKIP_INSTALL = YES;
				STRING_CATALOG_GENERATE_SYMBOLS = YES;
				SWIFT_APPROACHABLE_CONCURRENCY = YES;
				SWIFT_EMIT_LOC_STRINGS = YES;
				SWIFT_UPCOMING_FEATURE_MEMBER_IMPORT_VISIBILITY = YES;
				SWIFT_VERSION = 5.0;
				TARGETED_DEVICE_FAMILY = "1,2";
			};
			name = Debug;
		};
		ECCF7DF82F3A8E3D0003F772 /* Release */ = {
			isa = XCBuildConfiguration;
			buildSettings = {
				ASSETCATALOG_COMPILER_GLOBAL_ACCENT_COLOR_NAME = AccentColor;
				ASSETCATALOG_COMPILER_WIDGET_BACKGROUND_COLOR_NAME = WidgetBackground;
				CODE_SIGN_ENTITLEMENTS = SteepishWidgetExtension.entitlements;
				CODE_SIGN_STYLE = Automatic;
				CURRENT_PROJECT_VERSION = 1;
				DEVELOPMENT_TEAM = Q3BRAU32HS;
				GENERATE_INFOPLIST_FILE = YES;
				INFOPLIST_FILE = SteepishWidget/Info.plist;
				INFOPLIST_KEY_CFBundleDisplayName = StepGameWidget;
				INFOPLIST_KEY_NSHumanReadableCopyright = "";
				IPHONEOS_DEPLOYMENT_TARGET = 18.0;
				LD_RUNPATH_SEARCH_PATHS = (
					"$(inherited)",
					"@executable_path/Frameworks",
					"@executable_path/../../Frameworks",
				);
				MARKETING_VERSION = 1.0;
				PRODUCT_BUNDLE_IDENTIFIER = com.2026.StepGame.StepGameWidget;
				PRODUCT_NAME = "$(TARGET_NAME)";
				SKIP_INSTALL = YES;
				STRING_CATALOG_GENERATE_SYMBOLS = YES;
				SWIFT_APPROACHABLE_CONCURRENCY = YES;
				SWIFT_EMIT_LOC_STRINGS = YES;
				SWIFT_UPCOMING_FEATURE_MEMBER_IMPORT_VISIBILITY = YES;
				SWIFT_VERSION = 5.0;
				TARGETED_DEVICE_FAMILY = "1,2";
			};
			name = Release;
		};
/* End XCBuildConfiguration section */

/* Begin XCConfigurationList section */
		ECCAEE232F21888B0047C5DF /* Build configuration list for PBXProject "Steepish" */ = {
			isa = XCConfigurationList;
			buildConfigurations = (
				ECCAEE312F21888C0047C5DF /* Debug */,
				ECCAEE322F21888C0047C5DF /* Release */,
			);
			defaultConfigurationIsVisible = 0;
			defaultConfigurationName = Release;
		};
		ECCAEE332F21888C0047C5DF /* Build configuration list for PBXNativeTarget "Steepish" */ = {
			isa = XCConfigurationList;
			buildConfigurations = (
				ECCAEE342F21888C0047C5DF /* Debug */,
				ECCAEE352F21888C0047C5DF /* Release */,
			);
			defaultConfigurationIsVisible = 0;
			defaultConfigurationName = Release;
		};
		ECCF7DFA2F3A8E3D0003F772 /* Build configuration list for PBXNativeTarget "SteepishWidgetExtension" */ = {
			isa = XCConfigurationList;
			buildConfigurations = (
				ECCF7DF72F3A8E3D0003F772 /* Debug */,
				ECCF7DF82F3A8E3D0003F772 /* Release */,
			);
			defaultConfigurationIsVisible = 0;
			defaultConfigurationName = Release;
		};
/* End XCConfigurationList section */

/* Begin XCRemoteSwiftPackageReference section */
		ECB380D42F75134600E18E4D /* XCRemoteSwiftPackageReference "lottie-ios" */ = {
			isa = XCRemoteSwiftPackageReference;
			repositoryURL = "https://github.com/airbnb/lottie-ios";
			requirement = {
				kind = upToNextMajorVersion;
				minimumVersion = 4.6.0;
			};
		};
		ECCAEE382F218A8B0047C5DF /* XCRemoteSwiftPackageReference "firebase-ios-sdk" */ = {
			isa = XCRemoteSwiftPackageReference;
			repositoryURL = "https://github.com/firebase/firebase-ios-sdk";
			requirement = {
				kind = upToNextMajorVersion;
				minimumVersion = 12.8.0;
			};
		};
/* End XCRemoteSwiftPackageReference section */

/* Begin XCSwiftPackageProductDependency section */
		ECB380D52F75134600E18E4D /* Lottie */ = {
			isa = XCSwiftPackageProductDependency;
			package = ECB380D42F75134600E18E4D /* XCRemoteSwiftPackageReference "lottie-ios" */;
			productName = Lottie;
		};
		ECB9E7272F74989500F36514 /* FirebaseMessaging */ = {
			isa = XCSwiftPackageProductDependency;
			package = ECCAEE382F218A8B0047C5DF /* XCRemoteSwiftPackageReference "firebase-ios-sdk" */;
			productName = FirebaseMessaging;
		};
		ECCAEE392F218A8B0047C5DF /* FirebaseAuth */ = {
			isa = XCSwiftPackageProductDependency;
			package = ECCAEE382F218A8B0047C5DF /* XCRemoteSwiftPackageReference "firebase-ios-sdk" */;
			productName = FirebaseAuth;
		};
		ECCAEE3B2F218A8B0047C5DF /* FirebaseFirestore */ = {
			isa = XCSwiftPackageProductDependency;
			package = ECCAEE382F218A8B0047C5DF /* XCRemoteSwiftPackageReference "firebase-ios-sdk" */;
			productName = FirebaseFirestore;
		};
/* End XCSwiftPackageProductDependency section */
	};
	rootObject = ECCAEE202F21888B0047C5DF /* Project object */;
}
